
Microsoft Visual Studio Solution File, Format Version 12.00
# Visual Studio 15
VisualStudioVersion = 15.0.28307.960
MinimumVisualStudioVersion = 10.0.40219.1
Project("{8BC9CEB8-8B4A-11D0-8D11-00A0C91BC942}") = "D2DGame", "D2DGame.vcxproj", "{83DE0257-BA20-49FE-AE5F-2075DEC011B1}"
EndProject
Global
	GlobalSection(SolutionConfigurationPlatforms) = preSolution
		Debug|x64 = Debug|x64
		Debug|x86 = Debug|x86
		Release|x64 = Release|x64
		Release|x86 = Release|x86
	EndGlobalSection
	GlobalSection(ProjectConfigurationPlatforms) = postSolution
		{83DE0257-BA20-49FE-AE5F-2075DEC011B1}.Debug|x64.ActiveCfg = Debug|x64
		{83DE0257-BA20-49FE-AE5F-2075DEC011B1}.Debug|x64.Build.0 = Debug|x64
		{83DE0257-BA20-49FE-AE5F-2075DEC011B1}.Debug|x86.ActiveCfg = Debug|Win32
		{83DE0257-BA20-49FE-AE5F-2075DEC011B1}.Debug|x86.Build.0 = Debug|Win32
		{83DE0257-BA20-49FE-AE5F-2075DEC011B1}.Release|x64.ActiveCfg = Release|x64
		{83DE0257-BA20-49FE-AE5F-2075DEC011B1}.Release|x64.Build.0 = Release|x64
		{83DE0257-BA20-49FE-AE5F-2075DEC011B1}.Release|x86.ActiveCfg = Release|Win32
		{83DE0257-BA20-49FE-AE5F-2075DEC011B1}.Release|x86.Build.0 = Release|Win32
	EndGlobalSection
	GlobalSection(SolutionProperties) = preSolution
		HideSolutionNode = FALSE
	EndGlobalSection
	GlobalSection(ExtensibilityGlobals) = postSolution
		SolutionGuid = {F2CD3CE6-E798-4705-AFA4-BAA2A4F20260}
	EndGlobalSection
EndGlobal
